
Microsoft Visual Studio Solution File, Format Version 12.00
# Visual Studio Version 17
VisualStudioVersion = 17.11.35312.102
MinimumVisualStudioVersion = 10.0.40219.1
Project("{FAE04EC0-301F-11D3-BF4B-00C04F79EFBC}") = "CertificatesBackendBackup", "CertificatesBackendBackup.csproj", "{C4D13D8B-9B67-4B08-91B0-6C0A418CC675}"
EndProject
Global
	GlobalSection(SolutionConfigurationPlatforms) = preSolution
		Debug|Any CPU = Debug|Any CPU
		Release|Any CPU = Release|Any CPU
	EndGlobalSection
	GlobalSection(ProjectConfigurationPlatforms) = postSolution
		{C4D13D8B-9B67-4B08-91B0-6C0A418CC675}.Debug|Any CPU.ActiveCfg = Debug|Any CPU
		{C4D13D8B-9B67-4B08-91B0-6C0A418CC675}.Debug|Any CPU.Build.0 = Debug|Any CPU
		{C4D13D8B-9B67-4B08-91B0-6C0A418CC675}.Release|Any CPU.ActiveCfg = Release|Any CPU
		{C4D13D8B-9B67-4B08-91B0-6C0A418CC675}.Release|Any CPU.Build.0 = Release|Any CPU
	EndGlobalSection
	GlobalSection(SolutionProperties) = preSolution
		HideSolutionNode = FALSE
	EndGlobalSection
	GlobalSection(ExtensibilityGlobals) = postSolution
		SolutionGuid = {FC4537A9-1A08-4EAE-9532-EBCA8688FF9B}
	EndGlobalSection
EndGlobal
